
Microsoft Visual Studio Solution File, Format Version 12.00
# Visual Studio 14
VisualStudioVersion = 14.0.25420.1
MinimumVisualStudioVersion = 10.0.40219.1
Project("{FAE04EC0-301F-11D3-BF4B-00C04F79EFBC}") = "SpotifyWeb.Mvc", "SpotifyWeb.Mvc\SpotifyWeb.Mvc.csproj", "{8C75E663-DA44-4005-AA5F-EB69B9C554CE}"
EndProject
Project("{FAE04EC0-301F-11D3-BF4B-00C04F79EFBC}") = "SpotifyWeb.Mvc.Model", "SpotifyWeb.Mvc.Model\SpotifyWeb.Mvc.Model.csproj", "{E1940D12-8C2E-4C4F-A327-51A2A9E79396}"
EndProject
Project("{FAE04EC0-301F-11D3-BF4B-00C04F79EFBC}") = "SpotifyWeb.Mvc.Service", "SpotifyWeb.Mvc.Service\SpotifyWeb.Mvc.Service.csproj", "{AA27259A-626A-452D-B89B-1B8988FEB043}"
EndProject
Global
	GlobalSection(SolutionConfigurationPlatforms) = preSolution
		Debug|Any CPU = Debug|Any CPU
		Release|Any CPU = Release|Any CPU
	EndGlobalSection
	GlobalSection(ProjectConfigurationPlatforms) = postSolution
		{8C75E663-DA44-4005-AA5F-EB69B9C554CE}.Debug|Any CPU.ActiveCfg = Debug|Any CPU
		{8C75E663-DA44-4005-AA5F-EB69B9C554CE}.Debug|Any CPU.Build.0 = Debug|Any CPU
		{8C75E663-DA44-4005-AA5F-EB69B9C554CE}.Release|Any CPU.ActiveCfg = Release|Any CPU
		{8C75E663-DA44-4005-AA5F-EB69B9C554CE}.Release|Any CPU.Build.0 = Release|Any CPU
		{E1940D12-8C2E-4C4F-A327-51A2A9E79396}.Debug|Any CPU.ActiveCfg = Debug|Any CPU
		{E1940D12-8C2E-4C4F-A327-51A2A9E79396}.Debug|Any CPU.Build.0 = Debug|Any CPU
		{E1940D12-8C2E-4C4F-A327-51A2A9E79396}.Release|Any CPU.ActiveCfg = Release|Any CPU
		{E1940D12-8C2E-4C4F-A327-51A2A9E79396}.Release|Any CPU.Build.0 = Release|Any CPU
		{AA27259A-626A-452D-B89B-1B8988FEB043}.Debug|Any CPU.ActiveCfg = Debug|Any CPU
		{AA27259A-626A-452D-B89B-1B8988FEB043}.Debug|Any CPU.Build.0 = Debug|Any CPU
		{AA27259A-626A-452D-B89B-1B8988FEB043}.Release|Any CPU.ActiveCfg = Release|Any CPU
		{AA27259A-626A-452D-B89B-1B8988FEB043}.Release|Any CPU.Build.0 = Release|Any CPU
	EndGlobalSection
	GlobalSection(SolutionProperties) = preSolution
		HideSolutionNode = FALSE
	EndGlobalSection
EndGlobal
